PODS:
  - Alamofire (3.4.1)
  - AlamofireObjectMapper (2.1.2):
    - Alamofire (~> 3.2)
    - ObjectMapper (~> 1.0)
  - HMSegmentedControl (1.5.2)
  - ObjectMapper (1.1.5)
  - SwiftyJSON (2.3.2)

DEPENDENCIES:
  - Alamofire (~> 3.4)
  - AlamofireObjectMapper (~> 2.1.0)
  - HMSegmentedControl
  - ObjectMapper (~> 1.1.1)
  - SwiftyJSON (~> 2.3.2)

SPEC CHECKSUMS:
  Alamofire: 01a82e2f6c0f860ade35534c8dd88be61bdef40c
  AlamofireObjectMapper: 82391c31f23e37bdb2660da174bcf81b202da39d
  HMSegmentedControl: 83b9686022d2176fb6457d2bdb61e5d6393fed7d
  ObjectMapper: 528b1a6677a6acac7747edd508576983e76a9148
  SwiftyJSON: 04ccea08915aa0109039157c7974cf0298da292a

COCOAPODS: 0.39.0
